
Microsoft Visual Studio Solution File, Format Version 12.00
# Visual Studio Version 16
VisualStudioVersion = 16.0.31624.102
MinimumVisualStudioVersion = 10.0.40219.1
Project("{8BC9CEB8-8B4A-11D0-8D11-00A0C91BC942}") = "example4.20-ptrstr", "example4.20-ptrstr.vcxproj", "{666BC1CE-B862-409F-B552-F67985A9086B}"
EndProject
Global
	GlobalSection(SolutionConfigurationPlatforms) = preSolution
		Debug|x64 = Debug|x64
		Debug|x86 = Debug|x86
		Release|x64 = Release|x64
		Release|x86 = Release|x86
	EndGlobalSection
	GlobalSection(ProjectConfigurationPlatforms) = postSolution
		{666BC1CE-B862-409F-B552-F67985A9086B}.Debug|x64.ActiveCfg = Debug|x64
		{666BC1CE-B862-409F-B552-F67985A9086B}.Debug|x64.Build.0 = Debug|x64
		{666BC1CE-B862-409F-B552-F67985A9086B}.Debug|x86.ActiveCfg = Debug|Win32
		{666BC1CE-B862-409F-B552-F67985A9086B}.Debug|x86.Build.0 = Debug|Win32
		{666BC1CE-B862-409F-B552-F67985A9086B}.Release|x64.ActiveCfg = Release|x64
		{666BC1CE-B862-409F-B552-F67985A9086B}.Release|x64.Build.0 = Release|x64
		{666BC1CE-B862-409F-B552-F67985A9086B}.Release|x86.ActiveCfg = Release|Win32
		{666BC1CE-B862-409F-B552-F67985A9086B}.Release|x86.Build.0 = Release|Win32
	EndGlobalSection
	GlobalSection(SolutionProperties) = preSolution
		HideSolutionNode = FALSE
	EndGlobalSection
	GlobalSection(ExtensibilityGlobals) = postSolution
		SolutionGuid = {A25056DD-4D74-4F35-9B23-2051B5F6FF0A}
	EndGlobalSection
EndGlobal
