
Microsoft Visual Studio Solution File, Format Version 12.00
# Visual Studio Version 16
VisualStudioVersion = 16.0.31624.102
MinimumVisualStudioVersion = 10.0.40219.1
Project("{8BC9CEB8-8B4A-11D0-8D11-00A0C91BC942}") = "0004-example2.5-ourfunc", "0004-example2.5-ourfunc.vcxproj", "{3375224F-397E-402B-958A-E73DA50346B6}"
EndProject
Global
	GlobalSection(SolutionConfigurationPlatforms) = preSolution
		Debug|x64 = Debug|x64
		Debug|x86 = Debug|x86
		Release|x64 = Release|x64
		Release|x86 = Release|x86
	EndGlobalSection
	GlobalSection(ProjectConfigurationPlatforms) = postSolution
		{3375224F-397E-402B-958A-E73DA50346B6}.Debug|x64.ActiveCfg = Debug|x64
		{3375224F-397E-402B-958A-E73DA50346B6}.Debug|x64.Build.0 = Debug|x64
		{3375224F-397E-402B-958A-E73DA50346B6}.Debug|x86.ActiveCfg = Debug|Win32
		{3375224F-397E-402B-958A-E73DA50346B6}.Debug|x86.Build.0 = Debug|Win32
		{3375224F-397E-402B-958A-E73DA50346B6}.Release|x64.ActiveCfg = Release|x64
		{3375224F-397E-402B-958A-E73DA50346B6}.Release|x64.Build.0 = Release|x64
		{3375224F-397E-402B-958A-E73DA50346B6}.Release|x86.ActiveCfg = Release|Win32
		{3375224F-397E-402B-958A-E73DA50346B6}.Release|x86.Build.0 = Release|Win32
	EndGlobalSection
	GlobalSection(SolutionProperties) = preSolution
		HideSolutionNode = FALSE
	EndGlobalSection
	GlobalSection(ExtensibilityGlobals) = postSolution
		SolutionGuid = {2B00E084-5FB9-4F5F-8905-64232D079AB4}
	EndGlobalSection
EndGlobal
